{
  "version": 4,
  "terraform_version": "1.2.4",
  "serial": 118,
  "lineage": "12e8d696-2e5f-9495-6712-bdf1b83179f8",
  "outputs": {},
  "resources": [
    {
      "mode": "managed",
      "type": "axual_application",
      "name": "gitops_test_application_2",
      "provider": "provider[\"axual.com/hackz/axual\"]",
      "instances": [
        {
          "schema_version": 0,
          "attributes": {
            "application_id": "axual.gitops.test2",
            "application_type": "Custom",
            "description": "Axual's Test Application for Gitops 2",
            "id": "1709d00429a64c68a1eea01b33e0a9ca",
            "name": "gitops_test_application_2",
            "owners": "16fbc0942f0a4ee7ada58287253e2217",
            "short_name": "gitops_test_application_2",
            "type": "Java",
            "visibility": "Public"
          },
          "sensitive_attributes": [],
          "dependencies": [
            "axual_group.gitops_test",
            "axual_stream.gitops_test_stream2",
            "axual_stream_config.gitops_test_stream_config_2",
            "axual_user.gitops_user"
          ]
        }
      ]
    },
    {
      "mode": "managed",
      "type": "axual_application",
      "name": "gitops_test_application_3",
      "provider": "provider[\"axual.com/hackz/axual\"]",
      "instances": [
        {
          "schema_version": 0,
          "attributes": {
            "application_id": "axual.gitops.test3",
            "application_type": "Custom",
            "description": "Axual's Test Application for Gitops 3",
            "id": "cd493c8d05634c02b3871c1b23ecaef7",
            "name": "gitops_test_application_3",
            "owners": "16fbc0942f0a4ee7ada58287253e2217",
            "short_name": "gitops_test_application_3",
            "type": "Java",
            "visibility": "Public"
          },
          "sensitive_attributes": [],
          "dependencies": [
            "axual_group.gitops_test",
            "axual_stream.gitops_test_stream2",
            "axual_stream.gitops_test_stream3",
            "axual_stream_config.gitops_test_stream_config_3",
            "axual_user.gitops_user"
          ]
        }
      ]
    },
    {
      "mode": "managed",
      "type": "axual_application_access_grant",
      "name": "terra_grant_1",
      "provider": "provider[\"axual.com/hackz/axual\"]",
      "instances": [
        {
          "schema_version": 0,
          "attributes": {
            "access_type": "Consumer",
            "application": "1709d00429a64c68a1eea01b33e0a9ca",
            "application_access": "ff19af92c7ba477cbfe5ad4920e0774b",
            "environment": "7237a4093d7948228d431a603c31c904",
            "id": "6acfd72eef62492db70820e2bb1323d9",
            "status": "Approved",
            "stream": "9ec0b758c66745fbb8678b7e7a07e9ca"
          },
          "sensitive_attributes": [],
          "dependencies": [
            "axual_application.gitops_test_application_2",
            "axual_application_principal.test_application_principal",
            "axual_stream.gitops_test_stream2",
            "axual_stream_config.gitops_test_stream_config_2"
          ]
        }
      ]
    },
    {
      "mode": "managed",
      "type": "axual_application_principal",
      "name": "test_application_principal",
      "provider": "provider[\"axual.com/hackz/axual\"]",
      "instances": [
        {
          "schema_version": 0,
          "attributes": {
            "application": "1709d00429a64c68a1eea01b33e0a9ca",
            "custom": null,
            "environment": "7237a4093d7948228d431a603c31c904",
            "id": "15a733e023da47afa78f11a884bb7bb4",
            "principal": "-----BEGIN CERTIFICATE-----\nMIIF+jCCA+KgAwIBAgIRAMM8e1hKSNHPLY2DjomTTHwwDQYJKoZIhvcNAQELBQAw\nKzEpMCcGA1UEAwwgQXh1YWwgRHVtbXkgSW50ZXJtZWRpYXRlIDIwMTggMDEwHhcN\nMjExMDEyMTMwMzEzWhcNMjYxMjI1MTMwMzEzWjCBnjELMAkGA1UEBhMCTkwxEDAO\nBgNVBAgMB1V0cmVjaHQxEDAOBgNVBAcMB1V0cmVjaHQxEzARBgNVBAoMCkF4dWFs\nIEIuVi4xEzARBgNVBAsMClR1cmJ1bGVuY2UxFjAUBgNVBAMMDVRlc3RpbmcgRW1h\naWwxKTAnBgkqhkiG9w0BCQEWGnRlc3RAdHVyYnVibGVuY2UuYXh1YWwuY29tMIIC\nIjANBgkqhkiG9w0BAQEFAAOCAg8AMIICCgKCAgEAk9geBM56zC9vex1LsejgwTDL\nWs4CsUwVy3DSl2zVsB1SLti/Nekre+xpcfddgD9T6Ad4uWsajx4k6kNnWVCC5FtQ\nK/IOWsPsoJk81jvKBB7h32xraW0XxFouYk6CEMwzmBM6j9doLiy3rO1K8POFDgxQ\n19BeKVxt6W4NhAKJ6DrqKaIlFz5vO6bUMqcaAfaIlyWkUQ0TVh0Vc0MjUIqu7eE9\nc6tDb7IPMcut0oT66PHnMWcXAzrXUWcdsdq1tbzf+9g3UJ+TuMYfcm+a+p8SfCpy\nAs+9shWcmlp2UIO91bCO3itkS8SdnmW1rT0CKcBQAfUYukxCrjvkmdu4xzk/rwk1\ngOyjeC68ru3Qt4EjXaG3xhm7wqFbO5Wf9B8mZAvADDx/OyAiIH7UxmgxeZ1LTTlS\nutkr5kmxKxcBjql853pOTCo3wAXxS95lupcrC6Q4nTJbMWFVVCstWsxY/xCnIdJ6\n4RieTV81Ot3UadkMB9/KW9p8NAgUJUgEVNTwQwuAEhWbs4fF/JbWkDmM24zHhqdA\nD6UReX4iBGPBLV4DeN4zzqX1B/1LhnWAlSN0Fxxh/oEH3eSJgeUzIGJBJDAgTcDA\nuYTBqPTg2+FCpfOKZuM8Tl0DmVwTRA4RIwOPKjD3PLPos3LVhR60kNi7R1DA9pb3\nyPzzZWaCOV8C6m9HLpsCAwEAAaOBpDCBoTAJBgNVHRMEAjAAMB0GA1UdDgQWBBSW\n+L1vlkjq/YHV6t0dDjhXaI4LnTBJBgNVHSMEQjBAgBRr0ilXi1I2LAUKxle5GnR4\nrBMfZqEkpCIwIDEeMBwGA1UEAwwVQXh1YWwgRHVtbXkgUm9vdCAyMDE4ggIQADAL\nBgNVHQ8EBAMCBLAwHQYDVR0lBBYwFAYIKwYBBQUHAwIGCCsGAQUFBwMBMA0GCSqG\nSIb3DQEBCwUAA4ICAQArQ5LJ2p4XBNdHn2X3s+U2iiq1+0a/sr5v50BhrBurV9mz\nq9R0aK7pYwq5Ol+WRKRj3RYNcOsiwfeyY1GV+3BLmgctrMb4pzHvumfy0qTDnnrE\nC0UQLIOyK10uJBqwEJMt2hwLZWAaRqwfMMTXRg61i51PIEJN7OU9jeTeEVNDrrBi\nhWWIIP2RrVm2MKA85z896J+DFQ0L/aq6SJk/vUJSUsb0A49gvxYWJzkbNG5vb3OA\nxabPoDTb9EI9Q8DnWLiM/ay5Kol6niDubJ4KVgWJSLI+5KXaMFmI6zbiapcp6pc7\nnDbDmOdHiWhdYu30HSMNFnuc0GsR49NQjTW2nC7FAymjHf2mTkyRtUkXFbBbie/1\n1uzVur+XncOWydHPxHn5fCXExCQYhgWigY5Kj3Fy25vwKfCbB2Quu9669Nka3iYD\nZ5JlbaoOJ9ho2IHDiyporiacDXnH+gfSKw2cKHrthXsHRpywt48cj6FtrD8pIVBz\ngIh0c0RINucjQJR+JvH8OpbILSv2ArgyhQomCjoiGPs/NIrtttBa4sIGJylkxLMp\nmb1KE1zpRGjA9o3Lj50dids8eQ5FH7Ldo7tpfMP4bkNh983Hwr4UUXDfNMxdOfkU\n9+KEor3JlVRl8aGIBpnu34DbABbm+g1jm9xG3syH2QT7wo3ciEo0WtYg4IUJsw==\n-----END CERTIFICATE-----\n-----BEGIN CERTIFICATE-----\nMIIFLTCCAxWgAwIBAgICEAAwDQYJKoZIhvcNAQELBQAwIDEeMBwGA1UEAwwVQXh1\nYWwgRHVtbXkgUm9vdCAyMDE4MB4XDTE4MDUyOTExMDEzNFoXDTI4MDUyNjExMDEz\nNFowKzEpMCcGA1UEAwwgQXh1YWwgRHVtbXkgSW50ZXJtZWRpYXRlIDIwMTggMDEw\nggIiMA0GCSqGSIb3DQEBAQUAA4ICDwAwggIKAoICAQC9uOuzJekmeo3hl8fjQlKS\nHApS3llcliq1YrXpkMbHAA9StHaMHPW+Dzr2/+cdfBAmN3sujCY8Paq15QI+TDOq\nKA5SByCBQKXx2qulBPcZs3mDMt+KxAaeWfwR4Nj0NNKbmw2HjDddo77joeVOuOX2\n4o1wXzmAAolVMIcRYA11EMWNUtYrHCzBa7RfYht2G5dE69ckrgfw1Nxs01Sbg+xP\nsK9aK/LHPUalYZNY+76x7vabEpzaPfpyKzDTWA20SPk0WfTf9/+K3o+urzDG8O/q\nw9xbBOzWohGmRyA/z841p1SD7inpZcyO/KeW1yTP2WyFxADwUrv2mEYXnma/Gdna\nG62IQYk/UMex9W8pT6tfwrg/36sSwr88yPR5dJxzjHUE+w/rYG3k+K+EqvZ5qOC5\n32AJ9BS2nbNuGpmRU1qoMCwpL7B2E/CKJLIdFcf/qmcnWJEXo+u34+fQZg8XaDCI\nXhUqAHz6YkjCiFGd/JwL1IqsfxFsV9wHTUbW2AumglU65ZrjhXrrzE7Hk9ng1spJ\ndOwfBihBNjnr0mKHY9leJ3chJ9HQ55/fEgcRNrj8EC69QCeAtpY5yOAjKpA03UvF\ngrDt8CIyIehNUwTXIhQSHZU4eZ0rzWf0vvMbhL2FvKtphbpnNKoXeNLv2IMZpT4B\nVwsqLqaIkl/I4FPpYBoSYwIDAQABo2YwZDAdBgNVHQ4EFgQUa9IpV4tSNiwFCsZX\nuRp0eKwTH2YwHwYDVR0jBBgwFoAUdKOPDqSFQ6Bfk0I/asBkByt5gsUwEgYDVR0T\nAQH/BAgwBgEB/wIBADAOBgNVHQ8BAf8EBAMCAYYwDQYJKoZIhvcNAQELBQADggIB\nAKoNIqiOdjlUBNg7cvR9Su4KgGrsZf78pG1H2MlNxJjFM/80EiWEfze/EG2MLxFq\n8vToIHDjb0kVetYpdmfHNXTTlaaroBlXwyUYToPzQ985qr3LD8RhYZFAsiZCTtpJ\n4FT6sh/mccTyx8G8+ZS6mn/le2WPj/t6beNLgbdl5n8fghdQcmT/TqGXE50UftWt\nHSx3fsq2aKuNdVzhKzTin50IbiE9DV1dKo6B+ipOy/Dz5GMv3Z/3ntLTvxabCMOl\n7s7WsUE7VPABRSifUS80Z9Ai38faLSu+Ouzx40ceXwvlFQtJ2LYQ8Ru5Q63k2wB3\nEOE6cgAhiYExrz3fDDtUkui9vIfWfTPMnXR7xQ8YqK4Qqld2ESxvMQU2jzbZKSf+\n3sWnPvN4HTg0cfysmOdLGZwf3u8A9tMtxhUEtxUx7r76M4ekSKdNv1Nf5u5N/h7b\nAbEqSp1XADTxkE448i7hNJzn2Ce6JtFya231Ni0xyYKQIajP18jNypAw1eABYFkN\n53vQTUfqcbtcrCios1xRdDqfgkYaKZv7p63aoObFTf/mmG7sFjGAEPQscagOukwN\nwnkjCVifVbk5qJUaUWSLeYziI+HYkEA9P/h4o83nbf0YgBtOFoc0XWKmKagHifZN\nSEJ9kRCWzYaL2ChiL6jHGh26WT/hbNKeAlcxPnT4u/l1\n-----END CERTIFICATE-----"
          },
          "sensitive_attributes": [],
          "dependencies": [
            "axual_application.gitops_test_application_2",
            "axual_group.gitops_test",
            "axual_stream.gitops_test_stream2",
            "axual_stream_config.gitops_test_stream_config_2",
            "axual_user.gitops_user"
          ]
        }
      ]
    },
    {
      "mode": "managed",
      "type": "axual_group",
      "name": "gitops_test",
      "provider": "provider[\"axual.com/hackz/axual\"]",
      "instances": [
        {
          "schema_version": 0,
          "attributes": {
            "email_address": "gitops.test@axual.com",
            "id": "16fbc0942f0a4ee7ada58287253e2217",
            "members": [
              "015fdfea8210476791e1c63283e13158"
            ],
            "name": "Gitops Test Group",
            "phone_number": "+37253412559"
          },
          "sensitive_attributes": [],
          "dependencies": [
            "axual_user.gitops_user"
          ]
        }
      ]
    },
    {
      "mode": "managed",
      "type": "axual_stream",
      "name": "gitops_test_stream2",
      "provider": "provider[\"axual.com/hackz/axual\"]",
      "instances": [
        {
          "schema_version": 0,
          "attributes": {
            "description": null,
            "id": "9ec0b758c66745fbb8678b7e7a07e9ca",
            "key_type": "String",
            "name": "gitops_test_stream2",
            "owners": "16fbc0942f0a4ee7ada58287253e2217",
            "properties": {},
            "retention_policy": "delete",
            "value_type": "String"
          },
          "sensitive_attributes": [],
          "dependencies": [
            "axual_group.gitops_test",
            "axual_user.gitops_user"
          ]
        }
      ]
    },
    {
      "mode": "managed",
      "type": "axual_stream",
      "name": "gitops_test_stream3",
      "provider": "provider[\"axual.com/hackz/axual\"]",
      "instances": [
        {
          "schema_version": 0,
          "attributes": {
            "description": null,
            "id": "1813a77d1f1f4bc1b00b60a22165d017",
            "key_type": "String",
            "name": "gitops_test_stream3",
            "owners": "16fbc0942f0a4ee7ada58287253e2217",
            "properties": {},
            "retention_policy": "delete",
            "value_type": "String"
          },
          "sensitive_attributes": [],
          "dependencies": [
            "axual_group.gitops_test",
            "axual_user.gitops_user"
          ]
        }
      ]
    },
    {
      "mode": "managed",
      "type": "axual_stream_config",
      "name": "gitops_test_stream_config_2",
      "provider": "provider[\"axual.com/hackz/axual\"]",
      "instances": [
        {
          "schema_version": 0,
          "attributes": {
            "environment": "7237a4093d7948228d431a603c31c904",
            "id": "26fb11739ed94cb3ad779d88162c4afb",
            "partitions": 1,
            "properties": {
              "retention.bytes": "1",
              "segment.ms": "600012"
            },
            "retention_time": 1000,
            "stream": "9ec0b758c66745fbb8678b7e7a07e9ca"
          },
          "sensitive_attributes": [],
          "dependencies": [
            "axual_group.gitops_test",
            "axual_stream.gitops_test_stream2",
            "axual_user.gitops_user"
          ]
        }
      ]
    },
    {
      "mode": "managed",
      "type": "axual_stream_config",
      "name": "gitops_test_stream_config_3",
      "provider": "provider[\"axual.com/hackz/axual\"]",
      "instances": [
        {
          "schema_version": 0,
          "attributes": {
            "environment": "7237a4093d7948228d431a603c31c904",
            "id": "a209a957b63c41d195ba6a97a9f6933c",
            "partitions": 1,
            "properties": {
              "retention.bytes": "1",
              "segment.ms": "60002"
            },
            "retention_time": 1001,
            "stream": "1813a77d1f1f4bc1b00b60a22165d017"
          },
          "sensitive_attributes": [],
          "dependencies": [
            "axual_group.gitops_test",
            "axual_stream.gitops_test_stream3",
            "axual_user.gitops_user"
          ]
        }
      ]
    },
    {
      "mode": "managed",
      "type": "axual_user",
      "name": "gitops_user",
      "provider": "provider[\"axual.com/hackz/axual\"]",
      "instances": [
        {
          "schema_version": 0,
          "attributes": {
            "email_address": "gitops_test@axual.com",
            "first_name": "Gitops_firstname",
            "id": "015fdfea8210476791e1c63283e13158",
            "last_name": "Gitops_lastname",
            "middle_name": null,
            "phone_number": "+37253412559",
            "roles": [
              {
                "name": "TENANT_ADMIN"
              }
            ]
          },
          "sensitive_attributes": []
        }
      ]
    },
    {
      "mode": "managed",
      "type": "axual_user",
      "name": "gitops_user2",
      "provider": "provider[\"axual.com/hackz/axual\"]",
      "instances": [
        {
          "schema_version": 0,
          "attributes": {
            "email_address": "gitops_test2@axual.com",
            "first_name": "Gitops_firstname2",
            "id": "4bf05577083342d7ad547fd021d10251",
            "last_name": "Gitops_lastname2",
            "middle_name": null,
            "phone_number": "+37253412550",
            "roles": [
              {
                "name": "TENANT_ADMIN"
              }
            ]
          },
          "sensitive_attributes": []
        }
      ]
    }
  ]
}
